
Microsoft Visual Studio Solution File, Format Version 12.00
# Visual Studio Version 17
VisualStudioVersion = 17.0.31919.166
MinimumVisualStudioVersion = 10.0.40219.1
Project("{9A19103F-16F7-4668-BE54-9A1E7A4F7556}") = "WebApplication", "WebApplication\WebApplication.csproj", "{73E80D68-48AB-4CF9-99BE-C33296BFAD12}"
EndProject
Project("{FAE04EC0-301F-11D3-BF4B-00C04F79EFBC}") = "WebApplication.Domain", "WebApplication.Domain\WebApplication.Domain.csproj", "{97752848-E1DD-4708-BDB7-9CF752216D7A}"
EndProject
Global
	GlobalSection(SolutionConfigurationPlatforms) = preSolution
		Debug|Any CPU = Debug|Any CPU
		Release|Any CPU = Release|Any CPU
	EndGlobalSection
	GlobalSection(ProjectConfigurationPlatforms) = postSolution
		{73E80D68-48AB-4CF9-99BE-C33296BFAD12}.Debug|Any CPU.ActiveCfg = Debug|Any CPU
		{73E80D68-48AB-4CF9-99BE-C33296BFAD12}.Debug|Any CPU.Build.0 = Debug|Any CPU
		{73E80D68-48AB-4CF9-99BE-C33296BFAD12}.Release|Any CPU.ActiveCfg = Release|Any CPU
		{73E80D68-48AB-4CF9-99BE-C33296BFAD12}.Release|Any CPU.Build.0 = Release|Any CPU
		{97752848-E1DD-4708-BDB7-9CF752216D7A}.Debug|Any CPU.ActiveCfg = Debug|Any CPU
		{97752848-E1DD-4708-BDB7-9CF752216D7A}.Debug|Any CPU.Build.0 = Debug|Any CPU
		{97752848-E1DD-4708-BDB7-9CF752216D7A}.Release|Any CPU.ActiveCfg = Release|Any CPU
		{97752848-E1DD-4708-BDB7-9CF752216D7A}.Release|Any CPU.Build.0 = Release|Any CPU
	EndGlobalSection
	GlobalSection(SolutionProperties) = preSolution
		HideSolutionNode = FALSE
	EndGlobalSection
	GlobalSection(ExtensibilityGlobals) = postSolution
		SolutionGuid = {275965D4-F904-4FFB-8713-B6753CADE041}
	EndGlobalSection
EndGlobal
